{
  "name": "codefend-example-nodejs",
  "lockfileVersion": 2,
  "requires": true,
  "packages": {
    "": {
      "name": "codefend-example-nodejs",
      "dependencies": {
        "codefend": "^1.3.0-alpha.4"
      }
    },
    "node_modules/codefend": {
      "version": "1.3.0-alpha.4",
      "resolved": "https://registry.npmjs.org/codefend/-/codefend-1.3.0-alpha.4.tgz",
      "integrity": "sha512-BKzCMZtz2Md2SZRZ+c3wID3xWNC7pXDQYbzmr3R8Lyb+YSIT1CbgJTMJzcnLExoLt3z8flTXOKcklJcNYq/Lgw==",
      "dependencies": {
        "commander": "^9.4.1"
      },
      "bin": {
        "codefend": "bin/codefend"
      },
      "engines": {
        "node": "^18.7.0 || >= 16",
        "npm": "^8.16.0 || >= 8"
      }
    },
    "node_modules/commander": {
      "version": "9.4.1",
      "resolved": "https://registry.npmjs.org/commander/-/commander-9.4.1.tgz",
      "integrity": "sha512-5EEkTNyHNGFPD2H+c/dXXfQZYa/scCKasxWcXJaWnNJ99pnQN9Vnmqow+p+PlFPE63Q6mThaZws1T+HxfpgtPw==",
      "engines": {
        "node": "^12.20.0 || >=14"
      }
    }
  },
  "dependencies": {
    "codefend": {
      "version": "1.3.0-alpha.4",
      "resolved": "https://registry.npmjs.org/codefend/-/codefend-1.3.0-alpha.4.tgz",
      "integrity": "sha512-BKzCMZtz2Md2SZRZ+c3wID3xWNC7pXDQYbzmr3R8Lyb+YSIT1CbgJTMJzcnLExoLt3z8flTXOKcklJcNYq/Lgw==",
      "requires": {
        "commander": "^9.4.1"
      }
    },
    "commander": {
      "version": "9.4.1",
      "resolved": "https://registry.npmjs.org/commander/-/commander-9.4.1.tgz",
      "integrity": "sha512-5EEkTNyHNGFPD2H+c/dXXfQZYa/scCKasxWcXJaWnNJ99pnQN9Vnmqow+p+PlFPE63Q6mThaZws1T+HxfpgtPw=="
    }
  }
}
